
Microsoft Visual Studio Solution File, Format Version 12.00
# Visual Studio Version 17
VisualStudioVersion = 17.2.32630.192
MinimumVisualStudioVersion = 10.0.40219.1
Project("{8BC9CEB8-8B4A-11D0-8D11-00A0C91BC942}") = "ControlBySimulator", "ControlBySimulator.vcxproj", "{F0C9B92F-2FF4-418E-8906-3D206FB79E3C}"
EndProject
Project("{8BC9CEB8-8B4A-11D0-8D11-00A0C91BC942}") = "UDPCANSender", "..\..\socket-programming\udpip\udp-pcan\UDPCANSender\UDPCANSender.vcxproj", "{CE3CB136-3E24-41B6-BCDE-3C4E99E78D51}"
EndProject
Global
	GlobalSection(SolutionConfigurationPlatforms) = preSolution
		Debug|x64 = Debug|x64
		Debug|x86 = Debug|x86
		Release|x64 = Release|x64
		Release|x86 = Release|x86
	EndGlobalSection
	GlobalSection(ProjectConfigurationPlatforms) = postSolution
		{F0C9B92F-2FF4-418E-8906-3D206FB79E3C}.Debug|x64.ActiveCfg = Debug|x64
		{F0C9B92F-2FF4-418E-8906-3D206FB79E3C}.Debug|x64.Build.0 = Debug|x64
		{F0C9B92F-2FF4-418E-8906-3D206FB79E3C}.Debug|x86.ActiveCfg = Debug|Win32
		{F0C9B92F-2FF4-418E-8906-3D206FB79E3C}.Debug|x86.Build.0 = Debug|Win32
		{F0C9B92F-2FF4-418E-8906-3D206FB79E3C}.Release|x64.ActiveCfg = Release|x64
		{F0C9B92F-2FF4-418E-8906-3D206FB79E3C}.Release|x64.Build.0 = Release|x64
		{F0C9B92F-2FF4-418E-8906-3D206FB79E3C}.Release|x86.ActiveCfg = Release|Win32
		{F0C9B92F-2FF4-418E-8906-3D206FB79E3C}.Release|x86.Build.0 = Release|Win32
		{CE3CB136-3E24-41B6-BCDE-3C4E99E78D51}.Debug|x64.ActiveCfg = Debug|x64
		{CE3CB136-3E24-41B6-BCDE-3C4E99E78D51}.Debug|x64.Build.0 = Debug|x64
		{CE3CB136-3E24-41B6-BCDE-3C4E99E78D51}.Debug|x86.ActiveCfg = Debug|Win32
		{CE3CB136-3E24-41B6-BCDE-3C4E99E78D51}.Debug|x86.Build.0 = Debug|Win32
		{CE3CB136-3E24-41B6-BCDE-3C4E99E78D51}.Release|x64.ActiveCfg = Release|x64
		{CE3CB136-3E24-41B6-BCDE-3C4E99E78D51}.Release|x64.Build.0 = Release|x64
		{CE3CB136-3E24-41B6-BCDE-3C4E99E78D51}.Release|x86.ActiveCfg = Release|Win32
		{CE3CB136-3E24-41B6-BCDE-3C4E99E78D51}.Release|x86.Build.0 = Release|Win32
	EndGlobalSection
	GlobalSection(SolutionProperties) = preSolution
		HideSolutionNode = FALSE
	EndGlobalSection
	GlobalSection(ExtensibilityGlobals) = postSolution
		SolutionGuid = {7E0CC3E6-9FEA-435D-BCDD-0F245D4FDE8F}
	EndGlobalSection
EndGlobal
